
Microsoft Visual Studio Solution File, Format Version 12.00
# Visual Studio Version 17
VisualStudioVersion = 17.9.34616.47
MinimumVisualStudioVersion = 10.0.40219.1
Project("{9A19103F-16F7-4668-BE54-9A1E7A4F7556}") = "FInal_Project", "FInal_Project.csproj", "{0336B79F-F091-4353-8E6B-4B4ACF288F38}"
EndProject
Global
	GlobalSection(SolutionConfigurationPlatforms) = preSolution
		Debug|Any CPU = Debug|Any CPU
		Release|Any CPU = Release|Any CPU
	EndGlobalSection
	GlobalSection(ProjectConfigurationPlatforms) = postSolution
		{0336B79F-F091-4353-8E6B-4B4ACF288F38}.Debug|Any CPU.ActiveCfg = Debug|Any CPU
		{0336B79F-F091-4353-8E6B-4B4ACF288F38}.Debug|Any CPU.Build.0 = Debug|Any CPU
		{0336B79F-F091-4353-8E6B-4B4ACF288F38}.Release|Any CPU.ActiveCfg = Release|Any CPU
		{0336B79F-F091-4353-8E6B-4B4ACF288F38}.Release|Any CPU.Build.0 = Release|Any CPU
	EndGlobalSection
	GlobalSection(SolutionProperties) = preSolution
		HideSolutionNode = FALSE
	EndGlobalSection
	GlobalSection(ExtensibilityGlobals) = postSolution
		SolutionGuid = {092616BF-EE30-41A4-9296-89506A4742E4}
	EndGlobalSection
EndGlobal
